// !$*UTF8*$!
{
	archiveVersion = 1;
	classes = {
	};
	objectVersion = 46;
	objects = {

/* Begin PBXBuildFile section */
		91034D721F38B5FE006C2180 /* LoopImageView.swift in Sources */ = {isa = PBXBuildFile; fileRef = 91034D711F38B5FE006C2180 /* LoopImageView.swift */; };
		91034D741F38B6BF006C2180 /* HomeFactoryView.swift in Sources */ = {isa = PBXBuildFile; fileRef = 91034D731F38B6BF006C2180 /* HomeFactoryView.swift */; };
		91034D761F38B966006C2180 /* image4.png in Resources */ = {isa = PBXBuildFile; fileRef = 91034D751F38B966006C2180 /* image4.png */; };
		91034D781F38B9D7006C2180 /* HomeItemView.swift in Sources */ = {isa = PBXBuildFile; fileRef = 91034D771F38B9D7006C2180 /* HomeItemView.swift */; };
		91034D7A1F38BA4E006C2180 /* HomeItemView.xib in Resources */ = {isa = PBXBuildFile; fileRef = 91034D791F38BA4E006C2180 /* HomeItemView.xib */; };
		91034D7C1F38CC47006C2180 /* HomeFitItemView.swift in Sources */ = {isa = PBXBuildFile; fileRef = 91034D7B1F38CC47006C2180 /* HomeFitItemView.swift */; };
		911A64F61F30BE5A00154E48 /* AppDelegate.swift in Sources */ = {isa = PBXBuildFile; fileRef = 911A64F51F30BE5A00154E48 /* AppDelegate.swift */; };
		911A64F81F30BE5A00154E48 /* ViewController.swift in Sources */ = {isa = PBXBuildFile; fileRef = 911A64F71F30BE5A00154E48 /* ViewController.swift */; };
		911A64FB1F30BE5A00154E48 /* Main.storyboard in Resources */ = {isa = PBXBuildFile; fileRef = 911A64F91F30BE5A00154E48 /* Main.storyboard */; };
		911A64FD1F30BE5A00154E48 /* Assets.xcassets in Resources */ = {isa = PBXBuildFile; fileRef = 911A64FC1F30BE5A00154E48 /* Assets.xcassets */; };
		911A65001F30BE5A00154E48 /* LaunchScreen.storyboard in Resources */ = {isa = PBXBuildFile; fileRef = 911A64FE1F30BE5A00154E48 /* LaunchScreen.storyboard */; };
		911A650E1F30CC1300154E48 /* TabBarViewController.swift in Sources */ = {isa = PBXBuildFile; fileRef = 911A650D1F30CC1300154E48 /* TabBarViewController.swift */; };
		912CAEA21F3350A100EE2B97 /* LoginViewController.swift in Sources */ = {isa = PBXBuildFile; fileRef = 912CAEA01F3350A100EE2B97 /* LoginViewController.swift */; };
		912CAEA31F3350A100EE2B97 /* LoginViewController.xib in Resources */ = {isa = PBXBuildFile; fileRef = 912CAEA11F3350A100EE2B97 /* LoginViewController.xib */; };
		912CAEA51F3352DD00EE2B97 /* UserInfo.swift in Sources */ = {isa = PBXBuildFile; fileRef = 912CAEA41F3352DD00EE2B97 /* UserInfo.swift */; };
		912CAEA71F3375E000EE2B97 /* Config.swift in Sources */ = {isa = PBXBuildFile; fileRef = 912CAEA61F3375E000EE2B97 /* Config.swift */; };
		91561EFB1F34C42000107257 /* SAlertController.swift in Sources */ = {isa = PBXBuildFile; fileRef = 91561EFA1F34C42000107257 /* SAlertController.swift */; };
		91561EFF1F34C4D000107257 /* MBProgressHUD+Add.swift in Sources */ = {isa = PBXBuildFile; fileRef = 91561EFC1F34C4D000107257 /* MBProgressHUD+Add.swift */; };
		91561F001F34C4D000107257 /* String+Text.swift in Sources */ = {isa = PBXBuildFile; fileRef = 91561EFD1F34C4D000107257 /* String+Text.swift */; };
		91561F011F34C4D000107257 /* UITableView+Extension.swift in Sources */ = {isa = PBXBuildFile; fileRef = 91561EFE1F34C4D000107257 /* UITableView+Extension.swift */; };
		91561F031F34C4D900107257 /* RequestPlugin.swift in Sources */ = {isa = PBXBuildFile; fileRef = 91561F021F34C4D900107257 /* RequestPlugin.swift */; };
		9168FC851F35571F000F29B1 /* RegistViewController.swift in Sources */ = {isa = PBXBuildFile; fileRef = 9168FC831F35571F000F29B1 /* RegistViewController.swift */; };
		9168FC861F35571F000F29B1 /* RegistViewController.xib in Resources */ = {isa = PBXBuildFile; fileRef = 9168FC841F35571F000F29B1 /* RegistViewController.xib */; };
		91C50B2D1F35F939000E5B9C /* CustomSearchView.swift in Sources */ = {isa = PBXBuildFile; fileRef = 91C50B2C1F35F939000E5B9C /* CustomSearchView.swift */; };
		91C50B2F1F35F95A000E5B9C /* CustomSearchView.xib in Resources */ = {isa = PBXBuildFile; fileRef = 91C50B2E1F35F95A000E5B9C /* CustomSearchView.xib */; };
		91C50B311F361201000E5B9C /* UIView+Extension.swift in Sources */ = {isa = PBXBuildFile; fileRef = 91C50B301F361201000E5B9C /* UIView+Extension.swift */; };
		91CF8C351F31F3FD0001407F /* ShoppingCartViewController.swift in Sources */ = {isa = PBXBuildFile; fileRef = 91CF8C341F31F3FD0001407F /* ShoppingCartViewController.swift */; };
		91CF8C3B1F31F4590001407F /* UserInfoViewController.swift in Sources */ = {isa = PBXBuildFile; fileRef = 91CF8C3A1F31F4590001407F /* UserInfoViewController.swift */; };
		91CF8C3E1F31F49D0001407F /* ClassifyViewController.swift in Sources */ = {isa = PBXBuildFile; fileRef = 91CF8C3D1F31F49D0001407F /* ClassifyViewController.swift */; };
		91CF8C411F31F4AA0001407F /* HomeViewController.swift in Sources */ = {isa = PBXBuildFile; fileRef = 91CF8C401F31F4AA0001407F /* HomeViewController.swift */; };
		91CF8C441F31F4B30001407F /* ShopViewController.swift in Sources */ = {isa = PBXBuildFile; fileRef = 91CF8C431F31F4B30001407F /* ShopViewController.swift */; };
		91CF8C481F31F6090001407F /* CustomNavigationController.swift in Sources */ = {isa = PBXBuildFile; fileRef = 91CF8C471F31F6090001407F /* CustomNavigationController.swift */; };
		91CF8C4E1F31FB300001407F /* UIColor+String.swift in Sources */ = {isa = PBXBuildFile; fileRef = 91CF8C4D1F31FB300001407F /* UIColor+String.swift */; };
		91CF8C661F3230350001407F /* BaseViewController.swift in Sources */ = {isa = PBXBuildFile; fileRef = 91CF8C651F3230350001407F /* BaseViewController.swift */; };
		91FCD3911F36B4E90062FB93 /* SetingPasswordViewController.swift in Sources */ = {isa = PBXBuildFile; fileRef = 91FCD38F1F36B4E90062FB93 /* SetingPasswordViewController.swift */; };
		91FCD3971F36BCCA0062FB93 /* SetingPasswordViewController.xib in Resources */ = {isa = PBXBuildFile; fileRef = 91FCD3961F36BCCA0062FB93 /* SetingPasswordViewController.xib */; };
		91FCD39A1F36BE510062FB93 /* SetingTableViewCell.swift in Sources */ = {isa = PBXBuildFile; fileRef = 91FCD3981F36BE510062FB93 /* SetingTableViewCell.swift */; };
		91FCD39B1F36BE510062FB93 /* SetingTableViewCell.xib in Resources */ = {isa = PBXBuildFile; fileRef = 91FCD3991F36BE510062FB93 /* SetingTableViewCell.xib */; };
		91FCD39D1F36C0B90062FB93 /* BaseTableViewController.swift in Sources */ = {isa = PBXBuildFile; fileRef = 91FCD39C1F36C0B90062FB93 /* BaseTableViewController.swift */; };
		CD65407C4CCAAC6F029E054A /* Pods_ShoppingMobile.framework in Frameworks */ = {isa = PBXBuildFile; fileRef = DE507443498FBCE45DE7D968 /* Pods_ShoppingMobile.framework */; };
/* End PBXBuildFile section */

/* Begin PBXFileReference section */
		0D6003D4CE22B0629C7B9F13 /* Pods-ShoppingMobile.release.xcconfig */ = {isa = PBXFileReference; includeInIndex = 1; lastKnownFileType = text.xcconfig; name = "Pods-ShoppingMobile.release.xcconfig"; path = "Pods/Target Support Files/Pods-ShoppingMobile/Pods-ShoppingMobile.release.xcconfig"; sourceTree = "<group>"; };
		430BF716996C63A5334EF6A9 /* Pods-ShoppingMobile.debug.xcconfig */ = {isa = PBXFileReference; includeInIndex = 1; lastKnownFileType = text.xcconfig; name = "Pods-ShoppingMobile.debug.xcconfig"; path = "Pods/Target Support Files/Pods-ShoppingMobile/Pods-ShoppingMobile.debug.xcconfig"; sourceTree = "<group>"; };
		91034D711F38B5FE006C2180 /* LoopImageView.swift */ = {isa = PBXFileReference; fileEncoding = 4; lastKnownFileType = sourcecode.swift; path = LoopImageView.swift; sourceTree = "<group>"; };
		91034D731F38B6BF006C2180 /* HomeFactoryView.swift */ = {isa = PBXFileReference; fileEncoding = 4; lastKnownFileType = sourcecode.swift; path = HomeFactoryView.swift; sourceTree = "<group>"; };
		91034D751F38B966006C2180 /* image4.png */ = {isa = PBXFileReference; lastKnownFileType = image.png; path = image4.png; sourceTree = "<group>"; };
		91034D771F38B9D7006C2180 /* HomeItemView.swift */ = {isa = PBXFileReference; fileEncoding = 4; lastKnownFileType = sourcecode.swift; path = HomeItemView.swift; sourceTree = "<group>"; };
		91034D791F38BA4E006C2180 /* HomeItemView.xib */ = {isa = PBXFileReference; fileEncoding = 4; lastKnownFileType = file.xib; path = HomeItemView.xib; sourceTree = "<group>"; };
		91034D7B1F38CC47006C2180 /* HomeFitItemView.swift */ = {isa = PBXFileReference; fileEncoding = 4; lastKnownFileType = sourcecode.swift; path = HomeFitItemView.swift; sourceTree = "<group>"; };
		911A64F21F30BE5A00154E48 /* ShoppingMobile.app */ = {isa = PBXFileReference; explicitFileType = wrapper.application; includeInIndex = 0; path = ShoppingMobile.app; sourceTree = BUILT_PRODUCTS_DIR; };
		911A64F51F30BE5A00154E48 /* AppDelegate.swift */ = {isa = PBXFileReference; lastKnownFileType = sourcecode.swift; path = AppDelegate.swift; sourceTree = "<group>"; };
		911A64F71F30BE5A00154E48 /* ViewController.swift */ = {isa = PBXFileReference; lastKnownFileType = sourcecode.swift; path = ViewController.swift; sourceTree = "<group>"; };
		911A64FA1F30BE5A00154E48 /* Base */ = {isa = PBXFileReference; lastKnownFileType = file.storyboard; name = Base; path = Base.lproj/Main.storyboard; sourceTree = "<group>"; };
		911A64FC1F30BE5A00154E48 /* Assets.xcassets */ = {isa = PBXFileReference; lastKnownFileType = folder.assetcatalog; path = Assets.xcassets; sourceTree = "<group>"; };
		911A64FF1F30BE5A00154E48 /* Base */ = {isa = PBXFileReference; lastKnownFileType = file.storyboard; name = Base; path = Base.lproj/LaunchScreen.storyboard; sourceTree = "<group>"; };
		911A65011F30BE5A00154E48 /* Info.plist */ = {isa = PBXFileReference; lastKnownFileType = text.plist.xml; path = Info.plist; sourceTree = "<group>"; };
		911A650D1F30CC1300154E48 /* TabBarViewController.swift */ = {isa = PBXFileReference; fileEncoding = 4; lastKnownFileType = sourcecode.swift; path = TabBarViewController.swift; sourceTree = "<group>"; };
		912CAEA01F3350A100EE2B97 /* LoginViewController.swift */ = {isa = PBXFileReference; fileEncoding = 4; lastKnownFileType = sourcecode.swift; path = LoginViewController.swift; sourceTree = "<group>"; };
		912CAEA11F3350A100EE2B97 /* LoginViewController.xib */ = {isa = PBXFileReference; fileEncoding = 4; lastKnownFileType = file.xib; path = LoginViewController.xib; sourceTree = "<group>"; };
		912CAEA41F3352DD00EE2B97 /* UserInfo.swift */ = {isa = PBXFileReference; fileEncoding = 4; lastKnownFileType = sourcecode.swift; path = UserInfo.swift; sourceTree = "<group>"; };
		912CAEA61F3375E000EE2B97 /* Config.swift */ = {isa = PBXFileReference; fileEncoding = 4; lastKnownFileType = sourcecode.swift; path = Config.swift; sourceTree = "<group>"; };
		91561EFA1F34C42000107257 /* SAlertController.swift */ = {isa = PBXFileReference; fileEncoding = 4; lastKnownFileType = sourcecode.swift; path = SAlertController.swift; sourceTree = "<group>"; };
		91561EFC1F34C4D000107257 /* MBProgressHUD+Add.swift */ = {isa = PBXFileReference; fileEncoding = 4; lastKnownFileType = sourcecode.swift; name = "MBProgressHUD+Add.swift"; path = "Extension/MBProgressHUD+Add.swift"; sourceTree = "<group>"; };
		91561EFD1F34C4D000107257 /* String+Text.swift */ = {isa = PBXFileReference; fileEncoding = 4; lastKnownFileType = sourcecode.swift; name = "String+Text.swift"; path = "Extension/String+Text.swift"; sourceTree = "<group>"; };
		91561EFE1F34C4D000107257 /* UITableView+Extension.swift */ = {isa = PBXFileReference; fileEncoding = 4; lastKnownFileType = sourcecode.swift; name = "UITableView+Extension.swift"; path = "Extension/UITableView+Extension.swift"; sourceTree = "<group>"; };
		91561F021F34C4D900107257 /* RequestPlugin.swift */ = {isa = PBXFileReference; fileEncoding = 4; lastKnownFileType = sourcecode.swift; path = RequestPlugin.swift; sourceTree = "<group>"; };
		9168FC831F35571F000F29B1 /* RegistViewController.swift */ = {isa = PBXFileReference; fileEncoding = 4; lastKnownFileType = sourcecode.swift; path = RegistViewController.swift; sourceTree = "<group>"; };
		9168FC841F35571F000F29B1 /* RegistViewController.xib */ = {isa = PBXFileReference; fileEncoding = 4; lastKnownFileType = file.xib; path = RegistViewController.xib; sourceTree = "<group>"; };
		91C50B2C1F35F939000E5B9C /* CustomSearchView.swift */ = {isa = PBXFileReference; fileEncoding = 4; lastKnownFileType = sourcecode.swift; path = CustomSearchView.swift; sourceTree = "<group>"; };
		91C50B2E1F35F95A000E5B9C /* CustomSearchView.xib */ = {isa = PBXFileReference; fileEncoding = 4; lastKnownFileType = file.xib; path = CustomSearchView.xib; sourceTree = "<group>"; };
		91C50B301F361201000E5B9C /* UIView+Extension.swift */ = {isa = PBXFileReference; fileEncoding = 4; lastKnownFileType = sourcecode.swift; path = "UIView+Extension.swift"; sourceTree = "<group>"; };
		91CF8C341F31F3FD0001407F /* ShoppingCartViewController.swift */ = {isa = PBXFileReference; fileEncoding = 4; lastKnownFileType = sourcecode.swift; name = ShoppingCartViewController.swift; path = View/ShoppingCartViewController.swift; sourceTree = "<group>"; };
		91CF8C3A1F31F4590001407F /* UserInfoViewController.swift */ = {isa = PBXFileReference; fileEncoding = 4; lastKnownFileType = sourcecode.swift; name = UserInfoViewController.swift; path = View/UserInfoViewController.swift; sourceTree = "<group>"; };
		91CF8C3D1F31F49D0001407F /* ClassifyViewController.swift */ = {isa = PBXFileReference; fileEncoding = 4; lastKnownFileType = sourcecode.swift; name = ClassifyViewController.swift; path = View/ClassifyViewController.swift; sourceTree = "<group>"; };
		91CF8C401F31F4AA0001407F /* HomeViewController.swift */ = {isa = PBXFileReference; fileEncoding = 4; lastKnownFileType = sourcecode.swift; path = HomeViewController.swift; sourceTree = "<group>"; };
		91CF8C431F31F4B30001407F /* ShopViewController.swift */ = {isa = PBXFileReference; fileEncoding = 4; lastKnownFileType = sourcecode.swift; path = ShopViewController.swift; sourceTree = "<group>"; };
		91CF8C471F31F6090001407F /* CustomNavigationController.swift */ = {isa = PBXFileReference; fileEncoding = 4; lastKnownFileType = sourcecode.swift; path = CustomNavigationController.swift; sourceTree = "<group>"; };
		91CF8C4D1F31FB300001407F /* UIColor+String.swift */ = {isa = PBXFileReference; fileEncoding = 4; lastKnownFileType = sourcecode.swift; name = "UIColor+String.swift"; path = "Extension/UIColor+String.swift"; sourceTree = "<group>"; };
		91CF8C601F32146E0001407F /* ShoppingMobile-Bridging-Header.h */ = {isa = PBXFileReference; lastKnownFileType = sourcecode.c.h; name = "ShoppingMobile-Bridging-Header.h"; path = "Tools/ShoppingMobile-Bridging-Header.h"; sourceTree = "<group>"; };
		91CF8C651F3230350001407F /* BaseViewController.swift */ = {isa = PBXFileReference; fileEncoding = 4; lastKnownFileType = sourcecode.swift; path = BaseViewController.swift; sourceTree = "<group>"; };
		91FCD38F1F36B4E90062FB93 /* SetingPasswordViewController.swift */ = {isa = PBXFileReference; fileEncoding = 4; lastKnownFileType = sourcecode.swift; path = SetingPasswordViewController.swift; sourceTree = "<group>"; };
		91FCD3961F36BCCA0062FB93 /* SetingPasswordViewController.xib */ = {isa = PBXFileReference; fileEncoding = 4; lastKnownFileType = file.xib; path = SetingPasswordViewController.xib; sourceTree = "<group>"; };
		91FCD3981F36BE510062FB93 /* SetingTableViewCell.swift */ = {isa = PBXFileReference; fileEncoding = 4; lastKnownFileType = sourcecode.swift; path = SetingTableViewCell.swift; sourceTree = "<group>"; };
		91FCD3991F36BE510062FB93 /* SetingTableViewCell.xib */ = {isa = PBXFileReference; fileEncoding = 4; lastKnownFileType = file.xib; path = SetingTableViewCell.xib; sourceTree = "<group>"; };
		91FCD39C1F36C0B90062FB93 /* BaseTableViewController.swift */ = {isa = PBXFileReference; fileEncoding = 4; lastKnownFileType = sourcecode.swift; path = BaseTableViewController.swift; sourceTree = "<group>"; };
		DE507443498FBCE45DE7D968 /* Pods_ShoppingMobile.framework */ = {isa = PBXFileReference; explicitFileType = wrapper.framework; includeInIndex = 0; path = Pods_ShoppingMobile.framework; sourceTree = BUILT_PRODUCTS_DIR; };
/* End PBXFileReference section */

/* Begin PBXFrameworksBuildPhase section */
		911A64EF1F30BE5A00154E48 /* Frameworks */ = {
			isa = PBXFrameworksBuildPhase;
			buildActionMask = 2147483647;
			files = (
				CD65407C4CCAAC6F029E054A /* Pods_ShoppingMobile.framework in Frameworks */,
			);
			runOnlyForDeploymentPostprocessing = 0;
		};
/* End PBXFrameworksBuildPhase section */

/* Begin PBXGroup section */
		5715DDD6E5AC3373BEB8C4E5 /* Pods */ = {
			isa = PBXGroup;
			children = (
				430BF716996C63A5334EF6A9 /* Pods-ShoppingMobile.debug.xcconfig */,
				0D6003D4CE22B0629C7B9F13 /* Pods-ShoppingMobile.release.xcconfig */,
			);
			name = Pods;
			sourceTree = "<group>";
		};
		911A64E91F30BE5A00154E48 = {
			isa = PBXGroup;
			children = (
				911A64F41F30BE5A00154E48 /* ShoppingMobile */,
				911A64F31F30BE5A00154E48 /* Products */,
				5715DDD6E5AC3373BEB8C4E5 /* Pods */,
				B727B94CB65C71AAC4CA2388 /* Frameworks */,
			);
			sourceTree = "<group>";
		};
		911A64F31F30BE5A00154E48 /* Products */ = {
			isa = PBXGroup;
			children = (
				911A64F21F30BE5A00154E48 /* ShoppingMobile.app */,
			);
			name = Products;
			sourceTree = "<group>";
		};
		911A64F41F30BE5A00154E48 /* ShoppingMobile */ = {
			isa = PBXGroup;
			children = (
				91CF8C4B1F31FA2E0001407F /* Tools */,
				911A650A1F30C65400154E48 /* BaseMVP */,
				91CF8C2B1F31F2800001407F /* ClassifyMVP(分类) */,
				91CF8C2C1F31F2800001407F /* HomeMVP(首页) */,
				91CF8C2D1F31F2800001407F /* ShopMVP(商铺) */,
				91CF8C2E1F31F2800001407F /* ShoppingCart(购物车) */,
				91CF8C2F1F31F2800001407F /* UserInfoMVP(我的) */,
				912CAE9C1F33507700EE2B97 /* Login(登录) */,
				911A64F51F30BE5A00154E48 /* AppDelegate.swift */,
				911A64F71F30BE5A00154E48 /* ViewController.swift */,
				911A64F91F30BE5A00154E48 /* Main.storyboard */,
				911A64FC1F30BE5A00154E48 /* Assets.xcassets */,
				911A64FE1F30BE5A00154E48 /* LaunchScreen.storyboard */,
				91CF8C601F32146E0001407F /* ShoppingMobile-Bridging-Header.h */,
				911A65011F30BE5A00154E48 /* Info.plist */,
			);
			path = ShoppingMobile;
			sourceTree = "<group>";
		};
		911A650A1F30C65400154E48 /* BaseMVP */ = {
			isa = PBXGroup;
			children = (
				91CF8C651F3230350001407F /* BaseViewController.swift */,
				911A650D1F30CC1300154E48 /* TabBarViewController.swift */,
				91FCD39C1F36C0B90062FB93 /* BaseTableViewController.swift */,
				91CF8C471F31F6090001407F /* CustomNavigationController.swift */,
				91C50B2C1F35F939000E5B9C /* CustomSearchView.swift */,
				91C50B2E1F35F95A000E5B9C /* CustomSearchView.xib */,
				91CF8C501F3205070001407F /* Model */,
				91CF8C511F3205070001407F /* Presenter */,
			);
			path = BaseMVP;
			sourceTree = "<group>";
		};
		912CAE9C1F33507700EE2B97 /* Login(登录) */ = {
			isa = PBXGroup;
			children = (
				912CAE9D1F33507700EE2B97 /* Model */,
				912CAE9E1F33507700EE2B97 /* Presenter */,
				912CAE9F1F33507700EE2B97 /* View */,
			);
			name = "Login(登录)";
			path = Login;
			sourceTree = "<group>";
		};
		912CAE9D1F33507700EE2B97 /* Model */ = {
			isa = PBXGroup;
			children = (
				912CAEA41F3352DD00EE2B97 /* UserInfo.swift */,
				912CAEA61F3375E000EE2B97 /* Config.swift */,
			);
			path = Model;
			sourceTree = "<group>";
		};
		912CAE9E1F33507700EE2B97 /* Presenter */ = {
			isa = PBXGroup;
			children = (
			);
			path = Presenter;
			sourceTree = "<group>";
		};
		912CAE9F1F33507700EE2B97 /* View */ = {
			isa = PBXGroup;
			children = (
				912CAEA01F3350A100EE2B97 /* LoginViewController.swift */,
				912CAEA11F3350A100EE2B97 /* LoginViewController.xib */,
				9168FC831F35571F000F29B1 /* RegistViewController.swift */,
				9168FC841F35571F000F29B1 /* RegistViewController.xib */,
				91FCD38F1F36B4E90062FB93 /* SetingPasswordViewController.swift */,
				91FCD3961F36BCCA0062FB93 /* SetingPasswordViewController.xib */,
				91FCD3981F36BE510062FB93 /* SetingTableViewCell.swift */,
				91FCD3991F36BE510062FB93 /* SetingTableViewCell.xib */,
			);
			path = View;
			sourceTree = "<group>";
		};
		91CF8C2B1F31F2800001407F /* ClassifyMVP(分类) */ = {
			isa = PBXGroup;
			children = (
				91CF8C521F3205190001407F /* Model */,
				91CF8C531F3205190001407F /* Presenter */,
				91CF8C3C1F31F4840001407F /* View */,
			);
			name = "ClassifyMVP(分类)";
			path = ClassifyMVP;
			sourceTree = "<group>";
		};
		91CF8C2C1F31F2800001407F /* HomeMVP(首页) */ = {
			isa = PBXGroup;
			children = (
				91CF8C541F32052F0001407F /* Model */,
				91CF8C551F32052F0001407F /* Presenter */,
				91CF8C3F1F31F4AA0001407F /* View */,
			);
			name = "HomeMVP(首页)";
			path = HomeMVP;
			sourceTree = "<group>";
		};
		91CF8C2D1F31F2800001407F /* ShopMVP(商铺) */ = {
			isa = PBXGroup;
			children = (
				91CF8C561F3205380001407F /* Model */,
				91CF8C571F3205380001407F /* Presenter */,
				91CF8C421F31F4B30001407F /* View */,
			);
			name = "ShopMVP(商铺)";
			path = ShopMVP;
			sourceTree = "<group>";
		};
		91CF8C2E1F31F2800001407F /* ShoppingCart(购物车) */ = {
			isa = PBXGroup;
			children = (
				91CF8C581F32054C0001407F /* Model */,
				91CF8C591F32054C0001407F /* Presenter */,
				91CF8C361F31F40B0001407F /* View */,
			);
			name = "ShoppingCart(购物车)";
			path = ShoppingCart;
			sourceTree = "<group>";
		};
		91CF8C2F1F31F2800001407F /* UserInfoMVP(我的) */ = {
			isa = PBXGroup;
			children = (
				91CF8C5A1F3205560001407F /* Model */,
				91CF8C5B1F3205560001407F /* Presenter */,
				91CF8C371F31F41A0001407F /* View */,
			);
			name = "UserInfoMVP(我的)";
			path = UserInfoMVP;
			sourceTree = "<group>";
		};
		91CF8C361F31F40B0001407F /* View */ = {
			isa = PBXGroup;
			children = (
				91CF8C341F31F3FD0001407F /* ShoppingCartViewController.swift */,
			);
			name = View;
			sourceTree = "<group>";
		};
		91CF8C371F31F41A0001407F /* View */ = {
			isa = PBXGroup;
			children = (
				91CF8C3A1F31F4590001407F /* UserInfoViewController.swift */,
			);
			name = View;
			sourceTree = "<group>";
		};
		91CF8C3C1F31F4840001407F /* View */ = {
			isa = PBXGroup;
			children = (
				91CF8C3D1F31F49D0001407F /* ClassifyViewController.swift */,
			);
			name = View;
			sourceTree = "<group>";
		};
		91CF8C3F1F31F4AA0001407F /* View */ = {
			isa = PBXGroup;
			children = (
				91CF8C401F31F4AA0001407F /* HomeViewController.swift */,
				91034D731F38B6BF006C2180 /* HomeFactoryView.swift */,
				91034D751F38B966006C2180 /* image4.png */,
				91034D7B1F38CC47006C2180 /* HomeFitItemView.swift */,
				91034D771F38B9D7006C2180 /* HomeItemView.swift */,
				91034D791F38BA4E006C2180 /* HomeItemView.xib */,
			);
			path = View;
			sourceTree = "<group>";
		};
		91CF8C421F31F4B30001407F /* View */ = {
			isa = PBXGroup;
			children = (
				91CF8C431F31F4B30001407F /* ShopViewController.swift */,
			);
			path = View;
			sourceTree = "<group>";
		};
		91CF8C4B1F31FA2E0001407F /* Tools */ = {
			isa = PBXGroup;
			children = (
				91CF8C4C1F31FA6B0001407F /* Extension */,
				91561F021F34C4D900107257 /* RequestPlugin.swift */,
				91561EFA1F34C42000107257 /* SAlertController.swift */,
				91034D711F38B5FE006C2180 /* LoopImageView.swift */,
			);
			path = Tools;
			sourceTree = "<group>";
		};
		91CF8C4C1F31FA6B0001407F /* Extension */ = {
			isa = PBXGroup;
			children = (
				91CF8C4D1F31FB300001407F /* UIColor+String.swift */,
				91561EFC1F34C4D000107257 /* MBProgressHUD+Add.swift */,
				91C50B301F361201000E5B9C /* UIView+Extension.swift */,
				91561EFD1F34C4D000107257 /* String+Text.swift */,
				91561EFE1F34C4D000107257 /* UITableView+Extension.swift */,
			);
			name = Extension;
			sourceTree = "<group>";
		};
		91CF8C501F3205070001407F /* Model */ = {
			isa = PBXGroup;
			children = (
			);
			path = Model;
			sourceTree = "<group>";
		};
		91CF8C511F3205070001407F /* Presenter */ = {
			isa = PBXGroup;
			children = (
			);
			path = Presenter;
			sourceTree = "<group>";
		};
		91CF8C521F3205190001407F /* Model */ = {
			isa = PBXGroup;
			children = (
			);
			path = Model;
			sourceTree = "<group>";
		};
		91CF8C531F3205190001407F /* Presenter */ = {
			isa = PBXGroup;
			children = (
			);
			path = Presenter;
			sourceTree = "<group>";
		};
		91CF8C541F32052F0001407F /* Model */ = {
			isa = PBXGroup;
			children = (
			);
			path = Model;
			sourceTree = "<group>";
		};
		91CF8C551F32052F0001407F /* Presenter */ = {
			isa = PBXGroup;
			children = (
			);
			path = Presenter;
			sourceTree = "<group>";
		};
		91CF8C561F3205380001407F /* Model */ = {
			isa = PBXGroup;
			children = (
			);
			path = Model;
			sourceTree = "<group>";
		};
		91CF8C571F3205380001407F /* Presenter */ = {
			isa = PBXGroup;
			children = (
			);
			path = Presenter;
			sourceTree = "<group>";
		};
		91CF8C581F32054C0001407F /* Model */ = {
			isa = PBXGroup;
			children = (
			);
			path = Model;
			sourceTree = "<group>";
		};
		91CF8C591F32054C0001407F /* Presenter */ = {
			isa = PBXGroup;
			children = (
			);
			path = Presenter;
			sourceTree = "<group>";
		};
		91CF8C5A1F3205560001407F /* Model */ = {
			isa = PBXGroup;
			children = (
			);
			path = Model;
			sourceTree = "<group>";
		};
		91CF8C5B1F3205560001407F /* Presenter */ = {
			isa = PBXGroup;
			children = (
			);
			path = Presenter;
			sourceTree = "<group>";
		};
		B727B94CB65C71AAC4CA2388 /* Frameworks */ = {
			isa = PBXGroup;
			children = (
				DE507443498FBCE45DE7D968 /* Pods_ShoppingMobile.framework */,
			);
			name = Frameworks;
			sourceTree = "<group>";
		};
/* End PBXGroup section */

/* Begin PBXNativeTarget section */
		911A64F11F30BE5A00154E48 /* ShoppingMobile */ = {
			isa = PBXNativeTarget;
			buildConfigurationList = 911A65041F30BE5A00154E48 /* Build configuration list for PBXNativeTarget "ShoppingMobile" */;
			buildPhases = (
				ED51A2CE104E0158672BF72F /* [CP] Check Pods Manifest.lock */,
				911A64EE1F30BE5A00154E48 /* Sources */,
				911A64EF1F30BE5A00154E48 /* Frameworks */,
				911A64F01F30BE5A00154E48 /* Resources */,
				2231E5EA2ED48CDFFB76D6EF /* [CP] Embed Pods Frameworks */,
				FBA69AD21DD0995C23A243B1 /* [CP] Copy Pods Resources */,
			);
			buildRules = (
			);
			dependencies = (
			);
			name = ShoppingMobile;
			productName = ShoppingMobile;
			productReference = 911A64F21F30BE5A00154E48 /* ShoppingMobile.app */;
			productType = "com.apple.product-type.application";
		};
/* End PBXNativeTarget section */

/* Begin PBXProject section */
		911A64EA1F30BE5A00154E48 /* Project object */ = {
			isa = PBXProject;
			attributes = {
				LastSwiftUpdateCheck = 0830;
				LastUpgradeCheck = 0830;
				ORGANIZATIONNAME = stray;
				TargetAttributes = {
					911A64F11F30BE5A00154E48 = {
						CreatedOnToolsVersion = 8.3.3;
						ProvisioningStyle = Automatic;
					};
				};
			};
			buildConfigurationList = 911A64ED1F30BE5A00154E48 /* Build configuration list for PBXProject "ShoppingMobile" */;
			compatibilityVersion = "Xcode 3.2";
			developmentRegion = English;
			hasScannedForEncodings = 0;
			knownRegions = (
				en,
				Base,
			);
			mainGroup = 911A64E91F30BE5A00154E48;
			productRefGroup = 911A64F31F30BE5A00154E48 /* Products */;
			projectDirPath = "";
			projectRoot = "";
			targets = (
				911A64F11F30BE5A00154E48 /* ShoppingMobile */,
			);
		};
/* End PBXProject section */

/* Begin PBXResourcesBuildPhase section */
		911A64F01F30BE5A00154E48 /* Resources */ = {
			isa = PBXResourcesBuildPhase;
			buildActionMask = 2147483647;
			files = (
				91034D761F38B966006C2180 /* image4.png in Resources */,
				912CAEA31F3350A100EE2B97 /* LoginViewController.xib in Resources */,
				91C50B2F1F35F95A000E5B9C /* CustomSearchView.xib in Resources */,
				911A65001F30BE5A00154E48 /* LaunchScreen.storyboard in Resources */,
				91034D7A1F38BA4E006C2180 /* HomeItemView.xib in Resources */,
				91FCD3971F36BCCA0062FB93 /* SetingPasswordViewController.xib in Resources */,
				9168FC861F35571F000F29B1 /* RegistViewController.xib in Resources */,
				91FCD39B1F36BE510062FB93 /* SetingTableViewCell.xib in Resources */,
				911A64FD1F30BE5A00154E48 /* Assets.xcassets in Resources */,
				911A64FB1F30BE5A00154E48 /* Main.storyboard in Resources */,
			);
			runOnlyForDeploymentPostprocessing = 0;
		};
/* End PBXResourcesBuildPhase section */

/* Begin PBXShellScriptBuildPhase section */
		2231E5EA2ED48CDFFB76D6EF /* [CP] Embed Pods Frameworks */ = {
			isa = PBXShellScriptBuildPhase;
			buildActionMask = 2147483647;
			files = (
			);
			inputPaths = (
			);
			name = "[CP] Embed Pods Frameworks";
			outputPaths = (
			);
			runOnlyForDeploymentPostprocessing = 0;
			shellPath = /bin/sh;
			shellScript = "\"${SRCROOT}/Pods/Target Support Files/Pods-ShoppingMobile/Pods-ShoppingMobile-frameworks.sh\"\n";
			showEnvVarsInLog = 0;
		};
		ED51A2CE104E0158672BF72F /* [CP] Check Pods Manifest.lock */ = {
			isa = PBXShellScriptBuildPhase;
			buildActionMask = 2147483647;
			files = (
			);
			inputPaths = (
			);
			name = "[CP] Check Pods Manifest.lock";
			outputPaths = (
			);
			runOnlyForDeploymentPostprocessing = 0;
			shellPath = /bin/sh;
			shellScript = "diff \"${PODS_PODFILE_DIR_PATH}/Podfile.lock\" \"${PODS_ROOT}/Manifest.lock\" > /dev/null\nif [ $? != 0 ] ; then\n    # print error to STDERR\n    echo \"error: The sandbox is not in sync with the Podfile.lock. Run 'pod install' or update your CocoaPods installation.\" >&2\n    exit 1\nfi\n";
			showEnvVarsInLog = 0;
		};
		FBA69AD21DD0995C23A243B1 /* [CP] Copy Pods Resources */ = {
			isa = PBXShellScriptBuildPhase;
			buildActionMask = 2147483647;
			files = (
			);
			inputPaths = (
			);
			name = "[CP] Copy Pods Resources";
			outputPaths = (
			);
			runOnlyForDeploymentPostprocessing = 0;
			shellPath = /bin/sh;
			shellScript = "\"${SRCROOT}/Pods/Target Support Files/Pods-ShoppingMobile/Pods-ShoppingMobile-resources.sh\"\n";
			showEnvVarsInLog = 0;
		};
/* End PBXShellScriptBuildPhase section */

/* Begin PBXSourcesBuildPhase section */
		911A64EE1F30BE5A00154E48 /* Sources */ = {
			isa = PBXSourcesBuildPhase;
			buildActionMask = 2147483647;
			files = (
				91C50B311F361201000E5B9C /* UIView+Extension.swift in Sources */,
				91FCD39A1F36BE510062FB93 /* SetingTableViewCell.swift in Sources */,
				91561EFB1F34C42000107257 /* SAlertController.swift in Sources */,
				912CAEA21F3350A100EE2B97 /* LoginViewController.swift in Sources */,
				91CF8C661F3230350001407F /* BaseViewController.swift in Sources */,
				91CF8C3B1F31F4590001407F /* UserInfoViewController.swift in Sources */,
				91034D741F38B6BF006C2180 /* HomeFactoryView.swift in Sources */,
				91CF8C3E1F31F49D0001407F /* ClassifyViewController.swift in Sources */,
				91CF8C441F31F4B30001407F /* ShopViewController.swift in Sources */,
				91CF8C4E1F31FB300001407F /* UIColor+String.swift in Sources */,
				91561F001F34C4D000107257 /* String+Text.swift in Sources */,
				91CF8C351F31F3FD0001407F /* ShoppingCartViewController.swift in Sources */,
				911A64F81F30BE5A00154E48 /* ViewController.swift in Sources */,
				9168FC851F35571F000F29B1 /* RegistViewController.swift in Sources */,
				91CF8C411F31F4AA0001407F /* HomeViewController.swift in Sources */,
				91561F031F34C4D900107257 /* RequestPlugin.swift in Sources */,
				91561F011F34C4D000107257 /* UITableView+Extension.swift in Sources */,
				91034D721F38B5FE006C2180 /* LoopImageView.swift in Sources */,
				91CF8C481F31F6090001407F /* CustomNavigationController.swift in Sources */,
				91FCD39D1F36C0B90062FB93 /* BaseTableViewController.swift in Sources */,
				91561EFF1F34C4D000107257 /* MBProgressHUD+Add.swift in Sources */,
				91034D7C1F38CC47006C2180 /* HomeFitItemView.swift in Sources */,
				91C50B2D1F35F939000E5B9C /* CustomSearchView.swift in Sources */,
				911A64F61F30BE5A00154E48 /* AppDelegate.swift in Sources */,
				911A650E1F30CC1300154E48 /* TabBarViewController.swift in Sources */,
				91034D781F38B9D7006C2180 /* HomeItemView.swift in Sources */,
				91FCD3911F36B4E90062FB93 /* SetingPasswordViewController.swift in Sources */,
				912CAEA71F3375E000EE2B97 /* Config.swift in Sources */,
				912CAEA51F3352DD00EE2B97 /* UserInfo.swift in Sources */,
			);
			runOnlyForDeploymentPostprocessing = 0;
		};
/* End PBXSourcesBuildPhase section */

/* Begin PBXVariantGroup section */
		911A64F91F30BE5A00154E48 /* Main.storyboard */ = {
			isa = PBXVariantGroup;
			children = (
				911A64FA1F30BE5A00154E48 /* Base */,
			);
			name = Main.storyboard;
			sourceTree = "<group>";
		};
		911A64FE1F30BE5A00154E48 /* LaunchScreen.storyboard */ = {
			isa = PBXVariantGroup;
			children = (
				911A64FF1F30BE5A00154E48 /* Base */,
			);
			name = LaunchScreen.storyboard;
			sourceTree = "<group>";
		};
/* End PBXVariantGroup section */

/* Begin XCBuildConfiguration section */
		911A65021F30BE5A00154E48 /* Debug */ = {
			isa = XCBuildConfiguration;
			buildSettings = {
				ALWAYS_SEARCH_USER_PATHS = NO;
				CLANG_ANALYZER_NONNULL = YES;
				CLANG_ANALYZER_NUMBER_OBJECT_CONVERSION = YES_AGGRESSIVE;
				CLANG_CXX_LANGUAGE_STANDARD = "gnu++0x";
				CLANG_CXX_LIBRARY = "libc++";
				CLANG_ENABLE_MODULES = YES;
				CLANG_ENABLE_OBJC_ARC = YES;
				CLANG_WARN_BOOL_CONVERSION = YES;
				CLANG_WARN_CONSTANT_CONVERSION = YES;
				CLANG_WARN_DIRECT_OBJC_ISA_USAGE = YES_ERROR;
				CLANG_WARN_DOCUMENTATION_COMMENTS = YES;
				CLANG_WARN_EMPTY_BODY = YES;
				CLANG_WARN_ENUM_CONVERSION = YES;
				CLANG_WARN_INFINITE_RECURSION = YES;
				CLANG_WARN_INT_CONVERSION = YES;
				CLANG_WARN_OBJC_ROOT_CLASS = YES_ERROR;
				CLANG_WARN_SUSPICIOUS_MOVE = YES;
				CLANG_WARN_UNREACHABLE_CODE = YES;
				CLANG_WARN__DUPLICATE_METHOD_MATCH = YES;
				"CODE_SIGN_IDENTITY[sdk=iphoneos*]" = "iPhone Developer";
				COPY_PHASE_STRIP = NO;
				DEBUG_INFORMATION_FORMAT = dwarf;
				ENABLE_STRICT_OBJC_MSGSEND = YES;
				ENABLE_TESTABILITY = YES;
				GCC_C_LANGUAGE_STANDARD = gnu99;
				GCC_DYNAMIC_NO_PIC = NO;
				GCC_NO_COMMON_BLOCKS = YES;
				GCC_OPTIMIZATION_LEVEL = 0;
				GCC_PREPROCESSOR_DEFINITIONS = (
					"DEBUG=1",
					"$(inherited)",
				);
				GCC_WARN_64_TO_32_BIT_CONVERSION = YES;
				GCC_WARN_ABOUT_RETURN_TYPE = YES_ERROR;
				GCC_WARN_UNDECLARED_SELECTOR = YES;
				GCC_WARN_UNINITIALIZED_AUTOS = YES_AGGRESSIVE;
				GCC_WARN_UNUSED_FUNCTION = YES;
				GCC_WARN_UNUSED_VARIABLE = YES;
				IPHONEOS_DEPLOYMENT_TARGET = 10.3;
				MTL_ENABLE_DEBUG_INFO = YES;
				ONLY_ACTIVE_ARCH = YES;
				SDKROOT = iphoneos;
				SWIFT_ACTIVE_COMPILATION_CONDITIONS = DEBUG;
				SWIFT_OPTIMIZATION_LEVEL = "-Onone";
				TARGETED_DEVICE_FAMILY = "1,2";
			};
			name = Debug;
		};
		911A65031F30BE5A00154E48 /* Release */ = {
			isa = XCBuildConfiguration;
			buildSettings = {
				ALWAYS_SEARCH_USER_PATHS = NO;
				CLANG_ANALYZER_NONNULL = YES;
				CLANG_ANALYZER_NUMBER_OBJECT_CONVERSION = YES_AGGRESSIVE;
				CLANG_CXX_LANGUAGE_STANDARD = "gnu++0x";
				CLANG_CXX_LIBRARY = "libc++";
				CLANG_ENABLE_MODULES = YES;
				CLANG_ENABLE_OBJC_ARC = YES;
				CLANG_WARN_BOOL_CONVERSION = YES;
				CLANG_WARN_CONSTANT_CONVERSION = YES;
				CLANG_WARN_DIRECT_OBJC_ISA_USAGE = YES_ERROR;
				CLANG_WARN_DOCUMENTATION_COMMENTS = YES;
				CLANG_WARN_EMPTY_BODY = YES;
				CLANG_WARN_ENUM_CONVERSION = YES;
				CLANG_WARN_INFINITE_RECURSION = YES;
				CLANG_WARN_INT_CONVERSION = YES;
				CLANG_WARN_OBJC_ROOT_CLASS = YES_ERROR;
				CLANG_WARN_SUSPICIOUS_MOVE = YES;
				CLANG_WARN_UNREACHABLE_CODE = YES;
				CLANG_WARN__DUPLICATE_METHOD_MATCH = YES;
				"CODE_SIGN_IDENTITY[sdk=iphoneos*]" = "iPhone Developer";
				COPY_PHASE_STRIP = NO;
				DEBUG_INFORMATION_FORMAT = "dwarf-with-dsym";
				ENABLE_NS_ASSERTIONS = NO;
				ENABLE_STRICT_OBJC_MSGSEND = YES;
				GCC_C_LANGUAGE_STANDARD = gnu99;
				GCC_NO_COMMON_BLOCKS = YES;
				GCC_WARN_64_TO_32_BIT_CONVERSION = YES;
				GCC_WARN_ABOUT_RETURN_TYPE = YES_ERROR;
				GCC_WARN_UNDECLARED_SELECTOR = YES;
				GCC_WARN_UNINITIALIZED_AUTOS = YES_AGGRESSIVE;
				GCC_WARN_UNUSED_FUNCTION = YES;
				GCC_WARN_UNUSED_VARIABLE = YES;
				IPHONEOS_DEPLOYMENT_TARGET = 10.3;
				MTL_ENABLE_DEBUG_INFO = NO;
				SDKROOT = iphoneos;
				SWIFT_OPTIMIZATION_LEVEL = "-Owholemodule";
				TARGETED_DEVICE_FAMILY = "1,2";
				VALIDATE_PRODUCT = YES;
			};
			name = Release;
		};
		911A65051F30BE5A00154E48 /* Debug */ = {
			isa = XCBuildConfiguration;
			baseConfigurationReference = 430BF716996C63A5334EF6A9 /* Pods-ShoppingMobile.debug.xcconfig */;
			buildSettings = {
				ASSETCATALOG_COMPILER_APPICON_NAME = AppIcon;
				INFOPLIST_FILE = ShoppingMobile/Info.plist;
				LD_RUNPATH_SEARCH_PATHS = "$(inherited) @executable_path/Frameworks";
				PRODUCT_BUNDLE_IDENTIFIER = xxx.ShoppingMobile;
				PRODUCT_NAME = "$(TARGET_NAME)";
				SWIFT_VERSION = 3.0;
			};
			name = Debug;
		};
		911A65061F30BE5A00154E48 /* Release */ = {
			isa = XCBuildConfiguration;
			baseConfigurationReference = 0D6003D4CE22B0629C7B9F13 /* Pods-ShoppingMobile.release.xcconfig */;
			buildSettings = {
				ASSETCATALOG_COMPILER_APPICON_NAME = AppIcon;
				INFOPLIST_FILE = ShoppingMobile/Info.plist;
				LD_RUNPATH_SEARCH_PATHS = "$(inherited) @executable_path/Frameworks";
				PRODUCT_BUNDLE_IDENTIFIER = xxx.ShoppingMobile;
				PRODUCT_NAME = "$(TARGET_NAME)";
				SWIFT_VERSION = 3.0;
			};
			name = Release;
		};
/* End XCBuildConfiguration section */

/* Begin XCConfigurationList section */
		911A64ED1F30BE5A00154E48 /* Build configuration list for PBXProject "ShoppingMobile" */ = {
			isa = XCConfigurationList;
			buildConfigurations = (
				911A65021F30BE5A00154E48 /* Debug */,
				911A65031F30BE5A00154E48 /* Release */,
			);
			defaultConfigurationIsVisible = 0;
			defaultConfigurationName = Release;
		};
		911A65041F30BE5A00154E48 /* Build configuration list for PBXNativeTarget "ShoppingMobile" */ = {
			isa = XCConfigurationList;
			buildConfigurations = (
				911A65051F30BE5A00154E48 /* Debug */,
				911A65061F30BE5A00154E48 /* Release */,
			);
			defaultConfigurationIsVisible = 0;
			defaultConfigurationName = Release;
		};
/* End XCConfigurationList section */
	};
	rootObject = 911A64EA1F30BE5A00154E48 /* Project object */;
}
